
Microsoft Visual Studio Solution File, Format Version 12.00
# Visual Studio 14
VisualStudioVersion = 14.0.25123.0
MinimumVisualStudioVersion = 10.0.40219.1
Project("{FAE04EC0-301F-11D3-BF4B-00C04F79EFBC}") = "Treino_Socket_III", "Treino_Socket_III\Treino_Socket_III.csproj", "{AA47EA9C-70BE-41EF-8A6D-692256CD7004}"
EndProject
Global
	GlobalSection(SolutionConfigurationPlatforms) = preSolution
		Debug|Any CPU = Debug|Any CPU
		Release|Any CPU = Release|Any CPU
	EndGlobalSection
	GlobalSection(ProjectConfigurationPlatforms) = postSolution
		{AA47EA9C-70BE-41EF-8A6D-692256CD7004}.Debug|Any CPU.ActiveCfg = Debug|Any CPU
		{AA47EA9C-70BE-41EF-8A6D-692256CD7004}.Debug|Any CPU.Build.0 = Debug|Any CPU
		{AA47EA9C-70BE-41EF-8A6D-692256CD7004}.Release|Any CPU.ActiveCfg = Release|Any CPU
		{AA47EA9C-70BE-41EF-8A6D-692256CD7004}.Release|Any CPU.Build.0 = Release|Any CPU
	EndGlobalSection
	GlobalSection(SolutionProperties) = preSolution
		HideSolutionNode = FALSE
	EndGlobalSection
EndGlobal
